// !$*UTF8*$!
{
	archiveVersion = 1;
	classes = {
	};
	objectVersion = 50;
	objects = {

/* Begin PBXBuildFile section */
		F90B5D3621FA9A39009C96DA /* AppDelegate.swift in Sources */ = {isa = PBXBuildFile; fileRef = F90B5D3521FA9A39009C96DA /* AppDelegate.swift */; };
		F90B5D3B21FA9A39009C96DA /* Main.storyboard in Resources */ = {isa = PBXBuildFile; fileRef = F90B5D3921FA9A39009C96DA /* Main.storyboard */; };
		F90B5D4021FA9A39009C96DA /* LaunchScreen.storyboard in Resources */ = {isa = PBXBuildFile; fileRef = F90B5D3E21FA9A39009C96DA /* LaunchScreen.storyboard */; };
		F90B5D4821FA9BFD009C96DA /* Assets.xcassets in Resources */ = {isa = PBXBuildFile; fileRef = F90B5D4721FA9BFD009C96DA /* Assets.xcassets */; };
		F90B5D4C21FAA10C009C96DA /* RestaurantViewController.swift in Sources */ = {isa = PBXBuildFile; fileRef = F90B5D4A21FAA10C009C96DA /* RestaurantViewController.swift */; };
		F91EFF6B21FBB7E200AC6E7A /* ExploreViewController.swift in Sources */ = {isa = PBXBuildFile; fileRef = F91EFF6A21FBB7E200AC6E7A /* ExploreViewController.swift */; };
		F91EFF6E21FBD06600AC6E7A /* ExploreData.plist in Resources */ = {isa = PBXBuildFile; fileRef = F91EFF6D21FBD06600AC6E7A /* ExploreData.plist */; };
		F91EFF7021FBD0A300AC6E7A /* ExploreItem.swift in Sources */ = {isa = PBXBuildFile; fileRef = F91EFF6F21FBD0A300AC6E7A /* ExploreItem.swift */; };
		F91EFF7221FBDCD800AC6E7A /* ExploreDataManager.swift in Sources */ = {isa = PBXBuildFile; fileRef = F91EFF7121FBDCD800AC6E7A /* ExploreDataManager.swift */; };
		F91EFF7621FBE0D800AC6E7A /* ExploreCell.swift in Sources */ = {isa = PBXBuildFile; fileRef = F91EFF7521FBE0D800AC6E7A /* ExploreCell.swift */; };
		F9832C1C21FCB050005894B0 /* LocationViewController.swift in Sources */ = {isa = PBXBuildFile; fileRef = F9832C1B21FCB050005894B0 /* LocationViewController.swift */; };
		F9832C1E21FCB5DE005894B0 /* Locations.plist in Resources */ = {isa = PBXBuildFile; fileRef = F9832C1D21FCB5DE005894B0 /* Locations.plist */; };
		F9832C2021FCB751005894B0 /* LocationDataManager.swift in Sources */ = {isa = PBXBuildFile; fileRef = F9832C1F21FCB751005894B0 /* LocationDataManager.swift */; };
		F9D5581F21FBF07500EFFA34 /* RestaurantListViewController.swift in Sources */ = {isa = PBXBuildFile; fileRef = F9D5581E21FBF07500EFFA34 /* RestaurantListViewController.swift */; };
/* End PBXBuildFile section */

/* Begin PBXFileReference section */
		F90B5D3221FA9A39009C96DA /* GetPhat.app */ = {isa = PBXFileReference; explicitFileType = wrapper.application; includeInIndex = 0; path = GetPhat.app; sourceTree = BUILT_PRODUCTS_DIR; };
		F90B5D3521FA9A39009C96DA /* AppDelegate.swift */ = {isa = PBXFileReference; lastKnownFileType = sourcecode.swift; path = AppDelegate.swift; sourceTree = "<group>"; };
		F90B5D3A21FA9A39009C96DA /* Base */ = {isa = PBXFileReference; lastKnownFileType = file.storyboard; name = Base; path = Base.lproj/Main.storyboard; sourceTree = "<group>"; };
		F90B5D3F21FA9A39009C96DA /* Base */ = {isa = PBXFileReference; lastKnownFileType = file.storyboard; name = Base; path = Base.lproj/LaunchScreen.storyboard; sourceTree = "<group>"; };
		F90B5D4121FA9A39009C96DA /* Info.plist */ = {isa = PBXFileReference; lastKnownFileType = text.plist.xml; path = Info.plist; sourceTree = "<group>"; };
		F90B5D4721FA9BFD009C96DA /* Assets.xcassets */ = {isa = PBXFileReference; lastKnownFileType = folder.assetcatalog; path = Assets.xcassets; sourceTree = "<group>"; };
		F90B5D4A21FAA10C009C96DA /* RestaurantViewController.swift */ = {isa = PBXFileReference; fileEncoding = 4; lastKnownFileType = sourcecode.swift; path = RestaurantViewController.swift; sourceTree = "<group>"; };
		F91EFF6921FBA62200AC6E7A /* CollectionViewBasics.playground */ = {isa = PBXFileReference; lastKnownFileType = file.playground; path = CollectionViewBasics.playground; sourceTree = "<group>"; xcLanguageSpecificationIdentifier = xcode.lang.swift; };
		F91EFF6A21FBB7E200AC6E7A /* ExploreViewController.swift */ = {isa = PBXFileReference; lastKnownFileType = sourcecode.swift; path = ExploreViewController.swift; sourceTree = "<group>"; };
		F91EFF6D21FBD06600AC6E7A /* ExploreData.plist */ = {isa = PBXFileReference; fileEncoding = 4; lastKnownFileType = text.plist.xml; path = ExploreData.plist; sourceTree = "<group>"; };
		F91EFF6F21FBD0A300AC6E7A /* ExploreItem.swift */ = {isa = PBXFileReference; lastKnownFileType = sourcecode.swift; path = ExploreItem.swift; sourceTree = "<group>"; };
		F91EFF7121FBDCD800AC6E7A /* ExploreDataManager.swift */ = {isa = PBXFileReference; lastKnownFileType = sourcecode.swift; path = ExploreDataManager.swift; sourceTree = "<group>"; };
		F91EFF7521FBE0D800AC6E7A /* ExploreCell.swift */ = {isa = PBXFileReference; lastKnownFileType = sourcecode.swift; path = ExploreCell.swift; sourceTree = "<group>"; };
		F91F923D21FBA13D005AA2B2 /* FunctionsStructs.playground */ = {isa = PBXFileReference; lastKnownFileType = file.playground; path = FunctionsStructs.playground; sourceTree = "<group>"; xcLanguageSpecificationIdentifier = xcode.lang.swift; };
		F9832C1521FCACE1005894B0 /* TableViewsBasics.playground */ = {isa = PBXFileReference; lastKnownFileType = file.playground; path = TableViewsBasics.playground; sourceTree = "<group>"; xcLanguageSpecificationIdentifier = xcode.lang.swift; };
		F9832C1B21FCB050005894B0 /* LocationViewController.swift */ = {isa = PBXFileReference; lastKnownFileType = sourcecode.swift; path = LocationViewController.swift; sourceTree = "<group>"; };
		F9832C1D21FCB5DE005894B0 /* Locations.plist */ = {isa = PBXFileReference; lastKnownFileType = text.plist.xml; path = Locations.plist; sourceTree = "<group>"; };
		F9832C1F21FCB751005894B0 /* LocationDataManager.swift */ = {isa = PBXFileReference; lastKnownFileType = sourcecode.swift; path = LocationDataManager.swift; sourceTree = "<group>"; };
		F9D5581E21FBF07500EFFA34 /* RestaurantListViewController.swift */ = {isa = PBXFileReference; lastKnownFileType = sourcecode.swift; path = RestaurantListViewController.swift; sourceTree = "<group>"; };
/* End PBXFileReference section */

/* Begin PBXFrameworksBuildPhase section */
		F90B5D2F21FA9A39009C96DA /* Frameworks */ = {
			isa = PBXFrameworksBuildPhase;
			buildActionMask = 2147483647;
			files = (
			);
			runOnlyForDeploymentPostprocessing = 0;
		};
/* End PBXFrameworksBuildPhase section */

/* Begin PBXGroup section */
		F90B5D2921FA9A39009C96DA = {
			isa = PBXGroup;
			children = (
				F9832C1A21FCB01B005894B0 /* Controllers */,
				F9D5581D21FBF05900EFFA34 /* Restaurants */,
				F91EFF7321FBE09D00AC6E7A /* Explore */,
				F91F923C21FBA128005AA2B2 /* Playground */,
				F90B5D3421FA9A39009C96DA /* GetPhat */,
				F90B5D3321FA9A39009C96DA /* Products */,
			);
			sourceTree = "<group>";
		};
		F90B5D3321FA9A39009C96DA /* Products */ = {
			isa = PBXGroup;
			children = (
				F90B5D3221FA9A39009C96DA /* GetPhat.app */,
			);
			name = Products;
			sourceTree = "<group>";
		};
		F90B5D3421FA9A39009C96DA /* GetPhat */ = {
			isa = PBXGroup;
			children = (
				F90B5D3521FA9A39009C96DA /* AppDelegate.swift */,
				F90B5D3921FA9A39009C96DA /* Main.storyboard */,
				F90B5D4721FA9BFD009C96DA /* Assets.xcassets */,
				F90B5D3E21FA9A39009C96DA /* LaunchScreen.storyboard */,
				F90B5D4121FA9A39009C96DA /* Info.plist */,
				F90B5D4A21FAA10C009C96DA /* RestaurantViewController.swift */,
				F91EFF6A21FBB7E200AC6E7A /* ExploreViewController.swift */,
			);
			path = GetPhat;
			sourceTree = "<group>";
		};
		F91EFF6C21FBCFE200AC6E7A /* Model */ = {
			isa = PBXGroup;
			children = (
				F91EFF6D21FBD06600AC6E7A /* ExploreData.plist */,
				F91EFF6F21FBD0A300AC6E7A /* ExploreItem.swift */,
				F91EFF7121FBDCD800AC6E7A /* ExploreDataManager.swift */,
			);
			path = Model;
			sourceTree = "<group>";
		};
		F91EFF7321FBE09D00AC6E7A /* Explore */ = {
			isa = PBXGroup;
			children = (
				F91EFF6C21FBCFE200AC6E7A /* Model */,
				F91EFF7421FBE0B200AC6E7A /* View */,
			);
			path = Explore;
			sourceTree = "<group>";
		};
		F91EFF7421FBE0B200AC6E7A /* View */ = {
			isa = PBXGroup;
			children = (
				F91EFF7521FBE0D800AC6E7A /* ExploreCell.swift */,
			);
			path = View;
			sourceTree = "<group>";
		};
		F91F923C21FBA128005AA2B2 /* Playground */ = {
			isa = PBXGroup;
			children = (
				F91F923D21FBA13D005AA2B2 /* FunctionsStructs.playground */,
				F91EFF6921FBA62200AC6E7A /* CollectionViewBasics.playground */,
				F9832C1521FCACE1005894B0 /* TableViewsBasics.playground */,
			);
			path = Playground;
			sourceTree = "<group>";
		};
		F9832C1621FCAFE8005894B0 /* Locations */ = {
			isa = PBXGroup;
			children = (
				F9832C1921FCB00B005894B0 /* Model */,
				F9832C1821FCB000005894B0 /* View */,
				F9832C1721FCAFF3005894B0 /* Controller */,
				F9832C1B21FCB050005894B0 /* LocationViewController.swift */,
			);
			path = Locations;
			sourceTree = "<group>";
		};
		F9832C1721FCAFF3005894B0 /* Controller */ = {
			isa = PBXGroup;
			children = (
			);
			path = Controller;
			sourceTree = "<group>";
		};
		F9832C1821FCB000005894B0 /* View */ = {
			isa = PBXGroup;
			children = (
			);
			path = View;
			sourceTree = "<group>";
		};
		F9832C1921FCB00B005894B0 /* Model */ = {
			isa = PBXGroup;
			children = (
				F9832C1D21FCB5DE005894B0 /* Locations.plist */,
				F9832C1F21FCB751005894B0 /* LocationDataManager.swift */,
			);
			path = Model;
			sourceTree = "<group>";
		};
		F9832C1A21FCB01B005894B0 /* Controllers */ = {
			isa = PBXGroup;
			children = (
				F9832C1621FCAFE8005894B0 /* Locations */,
			);
			path = Controllers;
			sourceTree = "<group>";
		};
		F9D5581D21FBF05900EFFA34 /* Restaurants */ = {
			isa = PBXGroup;
			children = (
				F9D5581E21FBF07500EFFA34 /* RestaurantListViewController.swift */,
			);
			path = Restaurants;
			sourceTree = "<group>";
		};
/* End PBXGroup section */

/* Begin PBXNativeTarget section */
		F90B5D3121FA9A39009C96DA /* GetPhat */ = {
			isa = PBXNativeTarget;
			buildConfigurationList = F90B5D4421FA9A39009C96DA /* Build configuration list for PBXNativeTarget "GetPhat" */;
			buildPhases = (
				F90B5D2E21FA9A39009C96DA /* Sources */,
				F90B5D2F21FA9A39009C96DA /* Frameworks */,
				F90B5D3021FA9A39009C96DA /* Resources */,
			);
			buildRules = (
			);
			dependencies = (
			);
			name = GetPhat;
			productName = GetPhat;
			productReference = F90B5D3221FA9A39009C96DA /* GetPhat.app */;
			productType = "com.apple.product-type.application";
		};
/* End PBXNativeTarget section */

/* Begin PBXProject section */
		F90B5D2A21FA9A39009C96DA /* Project object */ = {
			isa = PBXProject;
			attributes = {
				LastSwiftUpdateCheck = 1010;
				LastUpgradeCheck = 1010;
				ORGANIZATIONNAME = "David Nguyen";
				TargetAttributes = {
					F90B5D3121FA9A39009C96DA = {
						CreatedOnToolsVersion = 10.1;
					};
				};
			};
			buildConfigurationList = F90B5D2D21FA9A39009C96DA /* Build configuration list for PBXProject "GetPhat" */;
			compatibilityVersion = "Xcode 9.3";
			developmentRegion = en;
			hasScannedForEncodings = 0;
			knownRegions = (
				en,
				Base,
			);
			mainGroup = F90B5D2921FA9A39009C96DA;
			productRefGroup = F90B5D3321FA9A39009C96DA /* Products */;
			projectDirPath = "";
			projectRoot = "";
			targets = (
				F90B5D3121FA9A39009C96DA /* GetPhat */,
			);
		};
/* End PBXProject section */

/* Begin PBXResourcesBuildPhase section */
		F90B5D3021FA9A39009C96DA /* Resources */ = {
			isa = PBXResourcesBuildPhase;
			buildActionMask = 2147483647;
			files = (
				F91EFF6E21FBD06600AC6E7A /* ExploreData.plist in Resources */,
				F90B5D4021FA9A39009C96DA /* LaunchScreen.storyboard in Resources */,
				F90B5D4821FA9BFD009C96DA /* Assets.xcassets in Resources */,
				F9832C1E21FCB5DE005894B0 /* Locations.plist in Resources */,
				F90B5D3B21FA9A39009C96DA /* Main.storyboard in Resources */,
			);
			runOnlyForDeploymentPostprocessing = 0;
		};
/* End PBXResourcesBuildPhase section */

/* Begin PBXSourcesBuildPhase section */
		F90B5D2E21FA9A39009C96DA /* Sources */ = {
			isa = PBXSourcesBuildPhase;
			buildActionMask = 2147483647;
			files = (
				F90B5D4C21FAA10C009C96DA /* RestaurantViewController.swift in Sources */,
				F90B5D3621FA9A39009C96DA /* AppDelegate.swift in Sources */,
				F91EFF7021FBD0A300AC6E7A /* ExploreItem.swift in Sources */,
				F9D5581F21FBF07500EFFA34 /* RestaurantListViewController.swift in Sources */,
				F91EFF7221FBDCD800AC6E7A /* ExploreDataManager.swift in Sources */,
				F91EFF6B21FBB7E200AC6E7A /* ExploreViewController.swift in Sources */,
				F91EFF7621FBE0D800AC6E7A /* ExploreCell.swift in Sources */,
				F9832C2021FCB751005894B0 /* LocationDataManager.swift in Sources */,
				F9832C1C21FCB050005894B0 /* LocationViewController.swift in Sources */,
			);
			runOnlyForDeploymentPostprocessing = 0;
		};
/* End PBXSourcesBuildPhase section */

/* Begin PBXVariantGroup section */
		F90B5D3921FA9A39009C96DA /* Main.storyboard */ = {
			isa = PBXVariantGroup;
			children = (
				F90B5D3A21FA9A39009C96DA /* Base */,
			);
			name = Main.storyboard;
			sourceTree = "<group>";
		};
		F90B5D3E21FA9A39009C96DA /* LaunchScreen.storyboard */ = {
			isa = PBXVariantGroup;
			children = (
				F90B5D3F21FA9A39009C96DA /* Base */,
			);
			name = LaunchScreen.storyboard;
			sourceTree = "<group>";
		};
/* End PBXVariantGroup section */

/* Begin XCBuildConfiguration section */
		F90B5D4221FA9A39009C96DA /* Debug */ = {
			isa = XCBuildConfiguration;
			buildSettings = {
				ALWAYS_SEARCH_USER_PATHS = NO;
				CLANG_ANALYZER_NONNULL = YES;
				CLANG_ANALYZER_NUMBER_OBJECT_CONVERSION = YES_AGGRESSIVE;
				CLANG_CXX_LANGUAGE_STANDARD = "gnu++14";
				CLANG_CXX_LIBRARY = "libc++";
				CLANG_ENABLE_MODULES = YES;
				CLANG_ENABLE_OBJC_ARC = YES;
				CLANG_ENABLE_OBJC_WEAK = YES;
				CLANG_WARN_BLOCK_CAPTURE_AUTORELEASING = YES;
				CLANG_WARN_BOOL_CONVERSION = YES;
				CLANG_WARN_COMMA = YES;
				CLANG_WARN_CONSTANT_CONVERSION = YES;
				CLANG_WARN_DEPRECATED_OBJC_IMPLEMENTATIONS = YES;
				CLANG_WARN_DIRECT_OBJC_ISA_USAGE = YES_ERROR;
				CLANG_WARN_DOCUMENTATION_COMMENTS = YES;
				CLANG_WARN_EMPTY_BODY = YES;
				CLANG_WARN_ENUM_CONVERSION = YES;
				CLANG_WARN_INFINITE_RECURSION = YES;
				CLANG_WARN_INT_CONVERSION = YES;
				CLANG_WARN_NON_LITERAL_NULL_CONVERSION = YES;
				CLANG_WARN_OBJC_IMPLICIT_RETAIN_SELF = YES;
				CLANG_WARN_OBJC_LITERAL_CONVERSION = YES;
				CLANG_WARN_OBJC_ROOT_CLASS = YES_ERROR;
				CLANG_WARN_RANGE_LOOP_ANALYSIS = YES;
				CLANG_WARN_STRICT_PROTOTYPES = YES;
				CLANG_WARN_SUSPICIOUS_MOVE = YES;
				CLANG_WARN_UNGUARDED_AVAILABILITY = YES_AGGRESSIVE;
				CLANG_WARN_UNREACHABLE_CODE = YES;
				CLANG_WARN__DUPLICATE_METHOD_MATCH = YES;
				CODE_SIGN_IDENTITY = "iPhone Developer";
				COPY_PHASE_STRIP = NO;
				DEBUG_INFORMATION_FORMAT = dwarf;
				ENABLE_STRICT_OBJC_MSGSEND = YES;
				ENABLE_TESTABILITY = YES;
				GCC_C_LANGUAGE_STANDARD = gnu11;
				GCC_DYNAMIC_NO_PIC = NO;
				GCC_NO_COMMON_BLOCKS = YES;
				GCC_OPTIMIZATION_LEVEL = 0;
				GCC_PREPROCESSOR_DEFINITIONS = (
					"DEBUG=1",
					"$(inherited)",
				);
				GCC_WARN_64_TO_32_BIT_CONVERSION = YES;
				GCC_WARN_ABOUT_RETURN_TYPE = YES_ERROR;
				GCC_WARN_UNDECLARED_SELECTOR = YES;
				GCC_WARN_UNINITIALIZED_AUTOS = YES_AGGRESSIVE;
				GCC_WARN_UNUSED_FUNCTION = YES;
				GCC_WARN_UNUSED_VARIABLE = YES;
				IPHONEOS_DEPLOYMENT_TARGET = 12.1;
				MTL_ENABLE_DEBUG_INFO = INCLUDE_SOURCE;
				MTL_FAST_MATH = YES;
				ONLY_ACTIVE_ARCH = YES;
				SDKROOT = iphoneos;
				SWIFT_ACTIVE_COMPILATION_CONDITIONS = DEBUG;
				SWIFT_OPTIMIZATION_LEVEL = "-Onone";
			};
			name = Debug;
		};
		F90B5D4321FA9A39009C96DA /* Release */ = {
			isa = XCBuildConfiguration;
			buildSettings = {
				ALWAYS_SEARCH_USER_PATHS = NO;
				CLANG_ANALYZER_NONNULL = YES;
				CLANG_ANALYZER_NUMBER_OBJECT_CONVERSION = YES_AGGRESSIVE;
				CLANG_CXX_LANGUAGE_STANDARD = "gnu++14";
				CLANG_CXX_LIBRARY = "libc++";
				CLANG_ENABLE_MODULES = YES;
				CLANG_ENABLE_OBJC_ARC = YES;
				CLANG_ENABLE_OBJC_WEAK = YES;
				CLANG_WARN_BLOCK_CAPTURE_AUTORELEASING = YES;
				CLANG_WARN_BOOL_CONVERSION = YES;
				CLANG_WARN_COMMA = YES;
				CLANG_WARN_CONSTANT_CONVERSION = YES;
				CLANG_WARN_DEPRECATED_OBJC_IMPLEMENTATIONS = YES;
				CLANG_WARN_DIRECT_OBJC_ISA_USAGE = YES_ERROR;
				CLANG_WARN_DOCUMENTATION_COMMENTS = YES;
				CLANG_WARN_EMPTY_BODY = YES;
				CLANG_WARN_ENUM_CONVERSION = YES;
				CLANG_WARN_INFINITE_RECURSION = YES;
				CLANG_WARN_INT_CONVERSION = YES;
				CLANG_WARN_NON_LITERAL_NULL_CONVERSION = YES;
				CLANG_WARN_OBJC_IMPLICIT_RETAIN_SELF = YES;
				CLANG_WARN_OBJC_LITERAL_CONVERSION = YES;
				CLANG_WARN_OBJC_ROOT_CLASS = YES_ERROR;
				CLANG_WARN_RANGE_LOOP_ANALYSIS = YES;
				CLANG_WARN_STRICT_PROTOTYPES = YES;
				CLANG_WARN_SUSPICIOUS_MOVE = YES;
				CLANG_WARN_UNGUARDED_AVAILABILITY = YES_AGGRESSIVE;
				CLANG_WARN_UNREACHABLE_CODE = YES;
				CLANG_WARN__DUPLICATE_METHOD_MATCH = YES;
				CODE_SIGN_IDENTITY = "iPhone Developer";
				COPY_PHASE_STRIP = NO;
				DEBUG_INFORMATION_FORMAT = "dwarf-with-dsym";
				ENABLE_NS_ASSERTIONS = NO;
				ENABLE_STRICT_OBJC_MSGSEND = YES;
				GCC_C_LANGUAGE_STANDARD = gnu11;
				GCC_NO_COMMON_BLOCKS = YES;
				GCC_WARN_64_TO_32_BIT_CONVERSION = YES;
				GCC_WARN_ABOUT_RETURN_TYPE = YES_ERROR;
				GCC_WARN_UNDECLARED_SELECTOR = YES;
				GCC_WARN_UNINITIALIZED_AUTOS = YES_AGGRESSIVE;
				GCC_WARN_UNUSED_FUNCTION = YES;
				GCC_WARN_UNUSED_VARIABLE = YES;
				IPHONEOS_DEPLOYMENT_TARGET = 12.1;
				MTL_ENABLE_DEBUG_INFO = NO;
				MTL_FAST_MATH = YES;
				SDKROOT = iphoneos;
				SWIFT_COMPILATION_MODE = wholemodule;
				SWIFT_OPTIMIZATION_LEVEL = "-O";
				VALIDATE_PRODUCT = YES;
			};
			name = Release;
		};
		F90B5D4521FA9A39009C96DA /* Debug */ = {
			isa = XCBuildConfiguration;
			buildSettings = {
				ASSETCATALOG_COMPILER_APPICON_NAME = AppIcon;
				CODE_SIGN_STYLE = Automatic;
				DEVELOPMENT_TEAM = 9M8KHT9ZS5;
				INFOPLIST_FILE = GetPhat/Info.plist;
				LD_RUNPATH_SEARCH_PATHS = (
					"$(inherited)",
					"@executable_path/Frameworks",
				);
				PRODUCT_BUNDLE_IDENTIFIER = com.davidnguyen.GetPhat;
				PRODUCT_NAME = "$(TARGET_NAME)";
				SWIFT_VERSION = 4.2;
				TARGETED_DEVICE_FAMILY = "1,2";
			};
			name = Debug;
		};
		F90B5D4621FA9A39009C96DA /* Release */ = {
			isa = XCBuildConfiguration;
			buildSettings = {
				ASSETCATALOG_COMPILER_APPICON_NAME = AppIcon;
				CODE_SIGN_STYLE = Automatic;
				DEVELOPMENT_TEAM = 9M8KHT9ZS5;
				INFOPLIST_FILE = GetPhat/Info.plist;
				LD_RUNPATH_SEARCH_PATHS = (
					"$(inherited)",
					"@executable_path/Frameworks",
				);
				PRODUCT_BUNDLE_IDENTIFIER = com.davidnguyen.GetPhat;
				PRODUCT_NAME = "$(TARGET_NAME)";
				SWIFT_VERSION = 4.2;
				TARGETED_DEVICE_FAMILY = "1,2";
			};
			name = Release;
		};
/* End XCBuildConfiguration section */

/* Begin XCConfigurationList section */
		F90B5D2D21FA9A39009C96DA /* Build configuration list for PBXProject "GetPhat" */ = {
			isa = XCConfigurationList;
			buildConfigurations = (
				F90B5D4221FA9A39009C96DA /* Debug */,
				F90B5D4321FA9A39009C96DA /* Release */,
			);
			defaultConfigurationIsVisible = 0;
			defaultConfigurationName = Release;
		};
		F90B5D4421FA9A39009C96DA /* Build configuration list for PBXNativeTarget "GetPhat" */ = {
			isa = XCConfigurationList;
			buildConfigurations = (
				F90B5D4521FA9A39009C96DA /* Debug */,
				F90B5D4621FA9A39009C96DA /* Release */,
			);
			defaultConfigurationIsVisible = 0;
			defaultConfigurationName = Release;
		};
/* End XCConfigurationList section */
	};
	rootObject = F90B5D2A21FA9A39009C96DA /* Project object */;
}
