// !$*UTF8*$!
{
	archiveVersion = 1;
	classes = {
	};
	objectVersion = 50;
	objects = {

/* Begin PBXBuildFile section */
		F90B5D3621FA9A39009C96DA /* AppDelegate.swift in Sources */ = {isa = PBXBuildFile; fileRef = F90B5D3521FA9A39009C96DA /* AppDelegate.swift */; };
		F90B5D3B21FA9A39009C96DA /* Main.storyboard in Resources */ = {isa = PBXBuildFile; fileRef = F90B5D3921FA9A39009C96DA /* Main.storyboard */; };
		F90B5D4021FA9A39009C96DA /* LaunchScreen.storyboard in Resources */ = {isa = PBXBuildFile; fileRef = F90B5D3E21FA9A39009C96DA /* LaunchScreen.storyboard */; };
		F90B5D4821FA9BFD009C96DA /* Assets.xcassets in Resources */ = {isa = PBXBuildFile; fileRef = F90B5D4721FA9BFD009C96DA /* Assets.xcassets */; };
		F90B5D4C21FAA10C009C96DA /* RestaurantViewController.swift in Sources */ = {isa = PBXBuildFile; fileRef = F90B5D4A21FAA10C009C96DA /* RestaurantViewController.swift */; };
		F91EFF6B21FBB7E200AC6E7A /* ExploreViewController.swift in Sources */ = {isa = PBXBuildFile; fileRef = F91EFF6A21FBB7E200AC6E7A /* ExploreViewController.swift */; };
		F91EFF6E21FBD06600AC6E7A /* ExploreData.plist in Resources */ = {isa = PBXBuildFile; fileRef = F91EFF6D21FBD06600AC6E7A /* ExploreData.plist */; };
		F91EFF7021FBD0A300AC6E7A /* ExploreItem.swift in Sources */ = {isa = PBXBuildFile; fileRef = F91EFF6F21FBD0A300AC6E7A /* ExploreItem.swift */; };
		F91EFF7221FBDCD800AC6E7A /* ExploreDataManager.swift in Sources */ = {isa = PBXBuildFile; fileRef = F91EFF7121FBDCD800AC6E7A /* ExploreDataManager.swift */; };
		F91EFF7621FBE0D800AC6E7A /* ExploreCell.swift in Sources */ = {isa = PBXBuildFile; fileRef = F91EFF7521FBE0D800AC6E7A /* ExploreCell.swift */; };
		F97D07BC21FD083E008C9387 /* RestaurantCell.swift in Sources */ = {isa = PBXBuildFile; fileRef = F97D07BB21FD083E008C9387 /* RestaurantCell.swift */; };
		F97D07CC21FD0A18008C9387 /* Portland.json in Resources */ = {isa = PBXBuildFile; fileRef = F97D07BE21FD0A18008C9387 /* Portland.json */; };
		F97D07CD21FD0A18008C9387 /* Miami.json in Resources */ = {isa = PBXBuildFile; fileRef = F97D07BF21FD0A18008C9387 /* Miami.json */; };
		F97D07CE21FD0A18008C9387 /* San Francisco.json in Resources */ = {isa = PBXBuildFile; fileRef = F97D07C021FD0A18008C9387 /* San Francisco.json */; };
		F97D07CF21FD0A18008C9387 /* Chicago.json in Resources */ = {isa = PBXBuildFile; fileRef = F97D07C121FD0A18008C9387 /* Chicago.json */; };
		F97D07D021FD0A18008C9387 /* Philadelphia.json in Resources */ = {isa = PBXBuildFile; fileRef = F97D07C221FD0A18008C9387 /* Philadelphia.json */; };
		F97D07D121FD0A18008C9387 /* Las Vegas.json in Resources */ = {isa = PBXBuildFile; fileRef = F97D07C321FD0A18008C9387 /* Las Vegas.json */; };
		F97D07D221FD0A18008C9387 /* New Orleans.json in Resources */ = {isa = PBXBuildFile; fileRef = F97D07C421FD0A18008C9387 /* New Orleans.json */; };
		F97D07D321FD0A18008C9387 /* New York.json in Resources */ = {isa = PBXBuildFile; fileRef = F97D07C521FD0A18008C9387 /* New York.json */; };
		F97D07D421FD0A18008C9387 /* Aspen.json in Resources */ = {isa = PBXBuildFile; fileRef = F97D07C621FD0A18008C9387 /* Aspen.json */; };
		F97D07D521FD0A18008C9387 /* San Antonio.json in Resources */ = {isa = PBXBuildFile; fileRef = F97D07C721FD0A18008C9387 /* San Antonio.json */; };
		F97D07D621FD0A18008C9387 /* Charleston.json in Resources */ = {isa = PBXBuildFile; fileRef = F97D07C821FD0A18008C9387 /* Charleston.json */; };
		F97D07D721FD0A18008C9387 /* Boston.json in Resources */ = {isa = PBXBuildFile; fileRef = F97D07C921FD0A18008C9387 /* Boston.json */; };
		F97D07D821FD0A18008C9387 /* Los Angeles.json in Resources */ = {isa = PBXBuildFile; fileRef = F97D07CA21FD0A18008C9387 /* Los Angeles.json */; };
		F97D07D921FD0A18008C9387 /* Houston.json in Resources */ = {isa = PBXBuildFile; fileRef = F97D07CB21FD0A18008C9387 /* Houston.json */; };
		F97D07DB21FD0A87008C9387 /* RestaurantAPIManager.swift in Sources */ = {isa = PBXBuildFile; fileRef = F97D07DA21FD0A87008C9387 /* RestaurantAPIManager.swift */; };
		F97D07DD21FD0C49008C9387 /* LocationItem.swift in Sources */ = {isa = PBXBuildFile; fileRef = F97D07DC21FD0C49008C9387 /* LocationItem.swift */; };
		F97D07DF21FD40DF008C9387 /* ExploreHeaderView.swift in Sources */ = {isa = PBXBuildFile; fileRef = F97D07DE21FD40DF008C9387 /* ExploreHeaderView.swift */; };
		F9832C1C21FCB050005894B0 /* LocationViewController.swift in Sources */ = {isa = PBXBuildFile; fileRef = F9832C1B21FCB050005894B0 /* LocationViewController.swift */; };
		F9832C1E21FCB5DE005894B0 /* Locations.plist in Resources */ = {isa = PBXBuildFile; fileRef = F9832C1D21FCB5DE005894B0 /* Locations.plist */; };
		F9832C2021FCB751005894B0 /* LocationDataManager.swift in Sources */ = {isa = PBXBuildFile; fileRef = F9832C1F21FCB751005894B0 /* LocationDataManager.swift */; };
		F9832C2421FCBC2B005894B0 /* RestaurantItem.swift in Sources */ = {isa = PBXBuildFile; fileRef = F9832C2321FCBC2B005894B0 /* RestaurantItem.swift */; };
		F9832C2621FCBECD005894B0 /* MapDataManager.swift in Sources */ = {isa = PBXBuildFile; fileRef = F9832C2521FCBECD005894B0 /* MapDataManager.swift */; };
		F9832C2A21FCC247005894B0 /* DataManager.swift in Sources */ = {isa = PBXBuildFile; fileRef = F9832C2921FCC247005894B0 /* DataManager.swift */; };
		F9832C2D21FCCC5C005894B0 /* MapViewController.swift in Sources */ = {isa = PBXBuildFile; fileRef = F9832C2C21FCCC5C005894B0 /* MapViewController.swift */; };
		F9832C2F21FCD21C005894B0 /* MapLocations.plist in Resources */ = {isa = PBXBuildFile; fileRef = F9832C2E21FCD21C005894B0 /* MapLocations.plist */; };
		F9832C3121FCD9E2005894B0 /* Segue.swift in Sources */ = {isa = PBXBuildFile; fileRef = F9832C3021FCD9E2005894B0 /* Segue.swift */; };
		F9832C3521FCDB35005894B0 /* RestaurantDetail.storyboard in Resources */ = {isa = PBXBuildFile; fileRef = F9832C3321FCDB35005894B0 /* RestaurantDetail.storyboard */; };
		F9832C3621FCDB35005894B0 /* RestaurantDetailViewController.swift in Sources */ = {isa = PBXBuildFile; fileRef = F9832C3421FCDB35005894B0 /* RestaurantDetailViewController.swift */; };
		F9832C3921FCDD36005894B0 /* PhotoFilter.storyboard in Resources */ = {isa = PBXBuildFile; fileRef = F9832C3821FCDD35005894B0 /* PhotoFilter.storyboard */; };
		F9832C3C21FCDD55005894B0 /* ReviewForm.storyboard in Resources */ = {isa = PBXBuildFile; fileRef = F9832C3B21FCDD55005894B0 /* ReviewForm.storyboard */; };
		F9BACED121FD60230082E796 /* RestaurantDataManager.swift in Sources */ = {isa = PBXBuildFile; fileRef = F9BACED021FD60230082E796 /* RestaurantDataManager.swift */; };
		F9BACED521FD63470082E796 /* NoDataView.swift in Sources */ = {isa = PBXBuildFile; fileRef = F9BACED321FD63470082E796 /* NoDataView.swift */; };
		F9BACED621FD63470082E796 /* NoDataView.xib in Resources */ = {isa = PBXBuildFile; fileRef = F9BACED421FD63470082E796 /* NoDataView.xib */; };
		F9D5581F21FBF07500EFFA34 /* RestaurantListViewController.swift in Sources */ = {isa = PBXBuildFile; fileRef = F9D5581E21FBF07500EFFA34 /* RestaurantListViewController.swift */; };
/* End PBXBuildFile section */

/* Begin PBXFileReference section */
		F90B5D3221FA9A39009C96DA /* GetPhat.app */ = {isa = PBXFileReference; explicitFileType = wrapper.application; includeInIndex = 0; path = GetPhat.app; sourceTree = BUILT_PRODUCTS_DIR; };
		F90B5D3521FA9A39009C96DA /* AppDelegate.swift */ = {isa = PBXFileReference; lastKnownFileType = sourcecode.swift; path = AppDelegate.swift; sourceTree = "<group>"; };
		F90B5D3A21FA9A39009C96DA /* Base */ = {isa = PBXFileReference; lastKnownFileType = file.storyboard; name = Base; path = Base.lproj/Main.storyboard; sourceTree = "<group>"; };
		F90B5D3F21FA9A39009C96DA /* Base */ = {isa = PBXFileReference; lastKnownFileType = file.storyboard; name = Base; path = Base.lproj/LaunchScreen.storyboard; sourceTree = "<group>"; };
		F90B5D4121FA9A39009C96DA /* Info.plist */ = {isa = PBXFileReference; lastKnownFileType = text.plist.xml; path = Info.plist; sourceTree = "<group>"; };
		F90B5D4721FA9BFD009C96DA /* Assets.xcassets */ = {isa = PBXFileReference; lastKnownFileType = folder.assetcatalog; path = Assets.xcassets; sourceTree = "<group>"; };
		F90B5D4A21FAA10C009C96DA /* RestaurantViewController.swift */ = {isa = PBXFileReference; fileEncoding = 4; lastKnownFileType = sourcecode.swift; path = RestaurantViewController.swift; sourceTree = "<group>"; };
		F91EFF6921FBA62200AC6E7A /* CollectionViewBasics.playground */ = {isa = PBXFileReference; lastKnownFileType = file.playground; path = CollectionViewBasics.playground; sourceTree = "<group>"; xcLanguageSpecificationIdentifier = xcode.lang.swift; };
		F91EFF6A21FBB7E200AC6E7A /* ExploreViewController.swift */ = {isa = PBXFileReference; lastKnownFileType = sourcecode.swift; path = ExploreViewController.swift; sourceTree = "<group>"; };
		F91EFF6D21FBD06600AC6E7A /* ExploreData.plist */ = {isa = PBXFileReference; fileEncoding = 4; lastKnownFileType = text.plist.xml; path = ExploreData.plist; sourceTree = "<group>"; };
		F91EFF6F21FBD0A300AC6E7A /* ExploreItem.swift */ = {isa = PBXFileReference; lastKnownFileType = sourcecode.swift; path = ExploreItem.swift; sourceTree = "<group>"; };
		F91EFF7121FBDCD800AC6E7A /* ExploreDataManager.swift */ = {isa = PBXFileReference; lastKnownFileType = sourcecode.swift; path = ExploreDataManager.swift; sourceTree = "<group>"; };
		F91EFF7521FBE0D800AC6E7A /* ExploreCell.swift */ = {isa = PBXFileReference; lastKnownFileType = sourcecode.swift; path = ExploreCell.swift; sourceTree = "<group>"; };
		F91F923D21FBA13D005AA2B2 /* FunctionsStructs.playground */ = {isa = PBXFileReference; lastKnownFileType = file.playground; path = FunctionsStructs.playground; sourceTree = "<group>"; xcLanguageSpecificationIdentifier = xcode.lang.swift; };
		F97D07BB21FD083E008C9387 /* RestaurantCell.swift */ = {isa = PBXFileReference; fileEncoding = 4; lastKnownFileType = sourcecode.swift; path = RestaurantCell.swift; sourceTree = "<group>"; };
		F97D07BE21FD0A18008C9387 /* Portland.json */ = {isa = PBXFileReference; fileEncoding = 4; lastKnownFileType = text.json; path = Portland.json; sourceTree = "<group>"; };
		F97D07BF21FD0A18008C9387 /* Miami.json */ = {isa = PBXFileReference; fileEncoding = 4; lastKnownFileType = text.json; path = Miami.json; sourceTree = "<group>"; };
		F97D07C021FD0A18008C9387 /* San Francisco.json */ = {isa = PBXFileReference; fileEncoding = 4; lastKnownFileType = text.json; path = "San Francisco.json"; sourceTree = "<group>"; };
		F97D07C121FD0A18008C9387 /* Chicago.json */ = {isa = PBXFileReference; fileEncoding = 4; lastKnownFileType = text.json; path = Chicago.json; sourceTree = "<group>"; };
		F97D07C221FD0A18008C9387 /* Philadelphia.json */ = {isa = PBXFileReference; fileEncoding = 4; lastKnownFileType = text.json; path = Philadelphia.json; sourceTree = "<group>"; };
		F97D07C321FD0A18008C9387 /* Las Vegas.json */ = {isa = PBXFileReference; fileEncoding = 4; lastKnownFileType = text.json; path = "Las Vegas.json"; sourceTree = "<group>"; };
		F97D07C421FD0A18008C9387 /* New Orleans.json */ = {isa = PBXFileReference; fileEncoding = 4; lastKnownFileType = text.json; path = "New Orleans.json"; sourceTree = "<group>"; };
		F97D07C521FD0A18008C9387 /* New York.json */ = {isa = PBXFileReference; fileEncoding = 4; lastKnownFileType = text.json; path = "New York.json"; sourceTree = "<group>"; };
		F97D07C621FD0A18008C9387 /* Aspen.json */ = {isa = PBXFileReference; fileEncoding = 4; lastKnownFileType = text.json; path = Aspen.json; sourceTree = "<group>"; };
		F97D07C721FD0A18008C9387 /* San Antonio.json */ = {isa = PBXFileReference; fileEncoding = 4; lastKnownFileType = text.json; path = "San Antonio.json"; sourceTree = "<group>"; };
		F97D07C821FD0A18008C9387 /* Charleston.json */ = {isa = PBXFileReference; fileEncoding = 4; lastKnownFileType = text.json; path = Charleston.json; sourceTree = "<group>"; };
		F97D07C921FD0A18008C9387 /* Boston.json */ = {isa = PBXFileReference; fileEncoding = 4; lastKnownFileType = text.json; path = Boston.json; sourceTree = "<group>"; };
		F97D07CA21FD0A18008C9387 /* Los Angeles.json */ = {isa = PBXFileReference; fileEncoding = 4; lastKnownFileType = text.json; path = "Los Angeles.json"; sourceTree = "<group>"; };
		F97D07CB21FD0A18008C9387 /* Houston.json */ = {isa = PBXFileReference; fileEncoding = 4; lastKnownFileType = text.json; path = Houston.json; sourceTree = "<group>"; };
		F97D07DA21FD0A87008C9387 /* RestaurantAPIManager.swift */ = {isa = PBXFileReference; fileEncoding = 4; lastKnownFileType = sourcecode.swift; path = RestaurantAPIManager.swift; sourceTree = "<group>"; };
		F97D07DC21FD0C49008C9387 /* LocationItem.swift */ = {isa = PBXFileReference; lastKnownFileType = sourcecode.swift; path = LocationItem.swift; sourceTree = "<group>"; };
		F97D07DE21FD40DF008C9387 /* ExploreHeaderView.swift */ = {isa = PBXFileReference; lastKnownFileType = sourcecode.swift; path = ExploreHeaderView.swift; sourceTree = "<group>"; };
		F9832C1521FCACE1005894B0 /* TableViewsBasics.playground */ = {isa = PBXFileReference; lastKnownFileType = file.playground; path = TableViewsBasics.playground; sourceTree = "<group>"; xcLanguageSpecificationIdentifier = xcode.lang.swift; };
		F9832C1B21FCB050005894B0 /* LocationViewController.swift */ = {isa = PBXFileReference; lastKnownFileType = sourcecode.swift; path = LocationViewController.swift; sourceTree = "<group>"; };
		F9832C1D21FCB5DE005894B0 /* Locations.plist */ = {isa = PBXFileReference; lastKnownFileType = text.plist.xml; path = Locations.plist; sourceTree = "<group>"; };
		F9832C1F21FCB751005894B0 /* LocationDataManager.swift */ = {isa = PBXFileReference; lastKnownFileType = sourcecode.swift; path = LocationDataManager.swift; sourceTree = "<group>"; };
		F9832C2321FCBC2B005894B0 /* RestaurantItem.swift */ = {isa = PBXFileReference; lastKnownFileType = sourcecode.swift; path = RestaurantItem.swift; sourceTree = "<group>"; };
		F9832C2521FCBECD005894B0 /* MapDataManager.swift */ = {isa = PBXFileReference; lastKnownFileType = sourcecode.swift; path = MapDataManager.swift; sourceTree = "<group>"; };
		F9832C2921FCC247005894B0 /* DataManager.swift */ = {isa = PBXFileReference; lastKnownFileType = sourcecode.swift; path = DataManager.swift; sourceTree = "<group>"; };
		F9832C2C21FCCC5C005894B0 /* MapViewController.swift */ = {isa = PBXFileReference; lastKnownFileType = sourcecode.swift; path = MapViewController.swift; sourceTree = "<group>"; };
		F9832C2E21FCD21C005894B0 /* MapLocations.plist */ = {isa = PBXFileReference; fileEncoding = 4; lastKnownFileType = text.plist.xml; path = MapLocations.plist; sourceTree = "<group>"; };
		F9832C3021FCD9E2005894B0 /* Segue.swift */ = {isa = PBXFileReference; lastKnownFileType = sourcecode.swift; path = Segue.swift; sourceTree = "<group>"; };
		F9832C3321FCDB35005894B0 /* RestaurantDetail.storyboard */ = {isa = PBXFileReference; fileEncoding = 4; lastKnownFileType = file.storyboard; path = RestaurantDetail.storyboard; sourceTree = "<group>"; };
		F9832C3421FCDB35005894B0 /* RestaurantDetailViewController.swift */ = {isa = PBXFileReference; fileEncoding = 4; lastKnownFileType = sourcecode.swift; path = RestaurantDetailViewController.swift; sourceTree = "<group>"; };
		F9832C3821FCDD35005894B0 /* PhotoFilter.storyboard */ = {isa = PBXFileReference; fileEncoding = 4; lastKnownFileType = file.storyboard; path = PhotoFilter.storyboard; sourceTree = "<group>"; };
		F9832C3B21FCDD55005894B0 /* ReviewForm.storyboard */ = {isa = PBXFileReference; fileEncoding = 4; lastKnownFileType = file.storyboard; path = ReviewForm.storyboard; sourceTree = "<group>"; };
		F9BACED021FD60230082E796 /* RestaurantDataManager.swift */ = {isa = PBXFileReference; fileEncoding = 4; lastKnownFileType = sourcecode.swift; path = RestaurantDataManager.swift; sourceTree = "<group>"; };
		F9BACED321FD63470082E796 /* NoDataView.swift */ = {isa = PBXFileReference; fileEncoding = 4; lastKnownFileType = sourcecode.swift; path = NoDataView.swift; sourceTree = "<group>"; };
		F9BACED421FD63470082E796 /* NoDataView.xib */ = {isa = PBXFileReference; fileEncoding = 4; lastKnownFileType = file.xib; path = NoDataView.xib; sourceTree = "<group>"; };
		F9D5581E21FBF07500EFFA34 /* RestaurantListViewController.swift */ = {isa = PBXFileReference; lastKnownFileType = sourcecode.swift; path = RestaurantListViewController.swift; sourceTree = "<group>"; };
/* End PBXFileReference section */

/* Begin PBXFrameworksBuildPhase section */
		F90B5D2F21FA9A39009C96DA /* Frameworks */ = {
			isa = PBXFrameworksBuildPhase;
			buildActionMask = 2147483647;
			files = (
			);
			runOnlyForDeploymentPostprocessing = 0;
		};
/* End PBXFrameworksBuildPhase section */

/* Begin PBXGroup section */
		F90B5D2921FA9A39009C96DA = {
			isa = PBXGroup;
			children = (
				F9832C2721FCC211005894B0 /* Misc */,
				F91EFF7321FBE09D00AC6E7A /* Explore */,
				F9832C1A21FCB01B005894B0 /* Controllers */,
				F91F923C21FBA128005AA2B2 /* Playground */,
				F90B5D3421FA9A39009C96DA /* GetPhat */,
				F90B5D3321FA9A39009C96DA /* Products */,
			);
			sourceTree = "<group>";
		};
		F90B5D3321FA9A39009C96DA /* Products */ = {
			isa = PBXGroup;
			children = (
				F90B5D3221FA9A39009C96DA /* GetPhat.app */,
			);
			name = Products;
			sourceTree = "<group>";
		};
		F90B5D3421FA9A39009C96DA /* GetPhat */ = {
			isa = PBXGroup;
			children = (
				F90B5D3521FA9A39009C96DA /* AppDelegate.swift */,
				F90B5D3921FA9A39009C96DA /* Main.storyboard */,
				F90B5D4721FA9BFD009C96DA /* Assets.xcassets */,
				F90B5D3E21FA9A39009C96DA /* LaunchScreen.storyboard */,
				F90B5D4121FA9A39009C96DA /* Info.plist */,
				F90B5D4A21FAA10C009C96DA /* RestaurantViewController.swift */,
				F91EFF6A21FBB7E200AC6E7A /* ExploreViewController.swift */,
			);
			path = GetPhat;
			sourceTree = "<group>";
		};
		F91EFF6C21FBCFE200AC6E7A /* Model */ = {
			isa = PBXGroup;
			children = (
				F91EFF6F21FBD0A300AC6E7A /* ExploreItem.swift */,
				F91EFF6D21FBD06600AC6E7A /* ExploreData.plist */,
				F91EFF7121FBDCD800AC6E7A /* ExploreDataManager.swift */,
			);
			path = Model;
			sourceTree = "<group>";
		};
		F91EFF7321FBE09D00AC6E7A /* Explore */ = {
			isa = PBXGroup;
			children = (
				F91EFF6C21FBCFE200AC6E7A /* Model */,
				F91EFF7421FBE0B200AC6E7A /* View */,
			);
			path = Explore;
			sourceTree = "<group>";
		};
		F91EFF7421FBE0B200AC6E7A /* View */ = {
			isa = PBXGroup;
			children = (
				F91EFF7521FBE0D800AC6E7A /* ExploreCell.swift */,
				F97D07DE21FD40DF008C9387 /* ExploreHeaderView.swift */,
			);
			path = View;
			sourceTree = "<group>";
		};
		F91F923C21FBA128005AA2B2 /* Playground */ = {
			isa = PBXGroup;
			children = (
				F91F923D21FBA13D005AA2B2 /* FunctionsStructs.playground */,
				F91EFF6921FBA62200AC6E7A /* CollectionViewBasics.playground */,
				F9832C1521FCACE1005894B0 /* TableViewsBasics.playground */,
			);
			path = Playground;
			sourceTree = "<group>";
		};
		F97D07BA21FD083E008C9387 /* View */ = {
			isa = PBXGroup;
			children = (
				F97D07BB21FD083E008C9387 /* RestaurantCell.swift */,
			);
			path = View;
			sourceTree = "<group>";
		};
		F97D07BD21FD0A18008C9387 /* JSON */ = {
			isa = PBXGroup;
			children = (
				F97D07BE21FD0A18008C9387 /* Portland.json */,
				F97D07BF21FD0A18008C9387 /* Miami.json */,
				F97D07C021FD0A18008C9387 /* San Francisco.json */,
				F97D07C121FD0A18008C9387 /* Chicago.json */,
				F97D07C221FD0A18008C9387 /* Philadelphia.json */,
				F97D07C321FD0A18008C9387 /* Las Vegas.json */,
				F97D07C421FD0A18008C9387 /* New Orleans.json */,
				F97D07C521FD0A18008C9387 /* New York.json */,
				F97D07C621FD0A18008C9387 /* Aspen.json */,
				F97D07C721FD0A18008C9387 /* San Antonio.json */,
				F97D07C821FD0A18008C9387 /* Charleston.json */,
				F97D07C921FD0A18008C9387 /* Boston.json */,
				F97D07CA21FD0A18008C9387 /* Los Angeles.json */,
				F97D07CB21FD0A18008C9387 /* Houston.json */,
			);
			path = JSON;
			sourceTree = "<group>";
		};
		F9832C1621FCAFE8005894B0 /* Locations */ = {
			isa = PBXGroup;
			children = (
				F9832C1921FCB00B005894B0 /* Model */,
				F9832C1821FCB000005894B0 /* View */,
				F9832C1721FCAFF3005894B0 /* Controller */,
				F9832C1B21FCB050005894B0 /* LocationViewController.swift */,
			);
			path = Locations;
			sourceTree = "<group>";
		};
		F9832C1721FCAFF3005894B0 /* Controller */ = {
			isa = PBXGroup;
			children = (
			);
			path = Controller;
			sourceTree = "<group>";
		};
		F9832C1821FCB000005894B0 /* View */ = {
			isa = PBXGroup;
			children = (
			);
			path = View;
			sourceTree = "<group>";
		};
		F9832C1921FCB00B005894B0 /* Model */ = {
			isa = PBXGroup;
			children = (
				F9832C1D21FCB5DE005894B0 /* Locations.plist */,
				F9832C1F21FCB751005894B0 /* LocationDataManager.swift */,
				F97D07DC21FD0C49008C9387 /* LocationItem.swift */,
			);
			path = Model;
			sourceTree = "<group>";
		};
		F9832C1A21FCB01B005894B0 /* Controllers */ = {
			isa = PBXGroup;
			children = (
				F9832C3A21FCDD55005894B0 /* Review Form */,
				F9832C3721FCDD35005894B0 /* Photo Filter */,
				F9832C3221FCDB35005894B0 /* Restaurant Details */,
				F9D5581D21FBF05900EFFA34 /* Restaurants */,
				F9832C2121FCBBFD005894B0 /* Map */,
				F9832C1621FCAFE8005894B0 /* Locations */,
			);
			path = Controllers;
			sourceTree = "<group>";
		};
		F9832C2121FCBBFD005894B0 /* Map */ = {
			isa = PBXGroup;
			children = (
				F9832C2B21FCCC39005894B0 /* Controller */,
				F9832C2221FCBC0A005894B0 /* Model */,
			);
			path = Map;
			sourceTree = "<group>";
		};
		F9832C2221FCBC0A005894B0 /* Model */ = {
			isa = PBXGroup;
			children = (
				F9832C2E21FCD21C005894B0 /* MapLocations.plist */,
				F9832C2321FCBC2B005894B0 /* RestaurantItem.swift */,
				F9832C2521FCBECD005894B0 /* MapDataManager.swift */,
			);
			path = Model;
			sourceTree = "<group>";
		};
		F9832C2721FCC211005894B0 /* Misc */ = {
			isa = PBXGroup;
			children = (
				F9BACED221FD63470082E796 /* No Data */,
				F97D07BD21FD0A18008C9387 /* JSON */,
				F9832C2821FCC218005894B0 /* Common */,
				F9832C2921FCC247005894B0 /* DataManager.swift */,
				F97D07DA21FD0A87008C9387 /* RestaurantAPIManager.swift */,
			);
			path = Misc;
			sourceTree = "<group>";
		};
		F9832C2821FCC218005894B0 /* Common */ = {
			isa = PBXGroup;
			children = (
				F9832C3021FCD9E2005894B0 /* Segue.swift */,
			);
			path = Common;
			sourceTree = "<group>";
		};
		F9832C2B21FCCC39005894B0 /* Controller */ = {
			isa = PBXGroup;
			children = (
				F9832C2C21FCCC5C005894B0 /* MapViewController.swift */,
			);
			path = Controller;
			sourceTree = "<group>";
		};
		F9832C3221FCDB35005894B0 /* Restaurant Details */ = {
			isa = PBXGroup;
			children = (
				F9832C3321FCDB35005894B0 /* RestaurantDetail.storyboard */,
				F9832C3421FCDB35005894B0 /* RestaurantDetailViewController.swift */,
			);
			path = "Restaurant Details";
			sourceTree = "<group>";
		};
		F9832C3721FCDD35005894B0 /* Photo Filter */ = {
			isa = PBXGroup;
			children = (
				F9832C3821FCDD35005894B0 /* PhotoFilter.storyboard */,
			);
			path = "Photo Filter";
			sourceTree = "<group>";
		};
		F9832C3A21FCDD55005894B0 /* Review Form */ = {
			isa = PBXGroup;
			children = (
				F9832C3B21FCDD55005894B0 /* ReviewForm.storyboard */,
			);
			path = "Review Form";
			sourceTree = "<group>";
		};
		F9832C3D21FCF43E005894B0 /* Model */ = {
			isa = PBXGroup;
			children = (
				F9BACED021FD60230082E796 /* RestaurantDataManager.swift */,
			);
			path = Model;
			sourceTree = "<group>";
		};
		F9BACED221FD63470082E796 /* No Data */ = {
			isa = PBXGroup;
			children = (
				F9BACED321FD63470082E796 /* NoDataView.swift */,
				F9BACED421FD63470082E796 /* NoDataView.xib */,
			);
			path = "No Data";
			sourceTree = "<group>";
		};
		F9D5581D21FBF05900EFFA34 /* Restaurants */ = {
			isa = PBXGroup;
			children = (
				F97D07BA21FD083E008C9387 /* View */,
				F9832C3D21FCF43E005894B0 /* Model */,
				F9D5581E21FBF07500EFFA34 /* RestaurantListViewController.swift */,
			);
			path = Restaurants;
			sourceTree = "<group>";
		};
/* End PBXGroup section */

/* Begin PBXNativeTarget section */
		F90B5D3121FA9A39009C96DA /* GetPhat */ = {
			isa = PBXNativeTarget;
			buildConfigurationList = F90B5D4421FA9A39009C96DA /* Build configuration list for PBXNativeTarget "GetPhat" */;
			buildPhases = (
				F90B5D2E21FA9A39009C96DA /* Sources */,
				F90B5D2F21FA9A39009C96DA /* Frameworks */,
				F90B5D3021FA9A39009C96DA /* Resources */,
			);
			buildRules = (
			);
			dependencies = (
			);
			name = GetPhat;
			productName = GetPhat;
			productReference = F90B5D3221FA9A39009C96DA /* GetPhat.app */;
			productType = "com.apple.product-type.application";
		};
/* End PBXNativeTarget section */

/* Begin PBXProject section */
		F90B5D2A21FA9A39009C96DA /* Project object */ = {
			isa = PBXProject;
			attributes = {
				LastSwiftUpdateCheck = 1010;
				LastUpgradeCheck = 1010;
				ORGANIZATIONNAME = "David Nguyen";
				TargetAttributes = {
					F90B5D3121FA9A39009C96DA = {
						CreatedOnToolsVersion = 10.1;
					};
				};
			};
			buildConfigurationList = F90B5D2D21FA9A39009C96DA /* Build configuration list for PBXProject "GetPhat" */;
			compatibilityVersion = "Xcode 9.3";
			developmentRegion = en;
			hasScannedForEncodings = 0;
			knownRegions = (
				en,
				Base,
			);
			mainGroup = F90B5D2921FA9A39009C96DA;
			productRefGroup = F90B5D3321FA9A39009C96DA /* Products */;
			projectDirPath = "";
			projectRoot = "";
			targets = (
				F90B5D3121FA9A39009C96DA /* GetPhat */,
			);
		};
/* End PBXProject section */

/* Begin PBXResourcesBuildPhase section */
		F90B5D3021FA9A39009C96DA /* Resources */ = {
			isa = PBXResourcesBuildPhase;
			buildActionMask = 2147483647;
			files = (
				F91EFF6E21FBD06600AC6E7A /* ExploreData.plist in Resources */,
				F97D07CC21FD0A18008C9387 /* Portland.json in Resources */,
				F90B5D4021FA9A39009C96DA /* LaunchScreen.storyboard in Resources */,
				F90B5D4821FA9BFD009C96DA /* Assets.xcassets in Resources */,
				F9832C3C21FCDD55005894B0 /* ReviewForm.storyboard in Resources */,
				F97D07D321FD0A18008C9387 /* New York.json in Resources */,
				F9832C1E21FCB5DE005894B0 /* Locations.plist in Resources */,
				F97D07D221FD0A18008C9387 /* New Orleans.json in Resources */,
				F97D07D921FD0A18008C9387 /* Houston.json in Resources */,
				F9BACED621FD63470082E796 /* NoDataView.xib in Resources */,
				F97D07D521FD0A18008C9387 /* San Antonio.json in Resources */,
				F97D07D821FD0A18008C9387 /* Los Angeles.json in Resources */,
				F97D07D121FD0A18008C9387 /* Las Vegas.json in Resources */,
				F97D07D621FD0A18008C9387 /* Charleston.json in Resources */,
				F9832C3521FCDB35005894B0 /* RestaurantDetail.storyboard in Resources */,
				F97D07CF21FD0A18008C9387 /* Chicago.json in Resources */,
				F97D07D021FD0A18008C9387 /* Philadelphia.json in Resources */,
				F97D07CD21FD0A18008C9387 /* Miami.json in Resources */,
				F97D07D421FD0A18008C9387 /* Aspen.json in Resources */,
				F97D07CE21FD0A18008C9387 /* San Francisco.json in Resources */,
				F9832C3921FCDD36005894B0 /* PhotoFilter.storyboard in Resources */,
				F97D07D721FD0A18008C9387 /* Boston.json in Resources */,
				F9832C2F21FCD21C005894B0 /* MapLocations.plist in Resources */,
				F90B5D3B21FA9A39009C96DA /* Main.storyboard in Resources */,
			);
			runOnlyForDeploymentPostprocessing = 0;
		};
/* End PBXResourcesBuildPhase section */

/* Begin PBXSourcesBuildPhase section */
		F90B5D2E21FA9A39009C96DA /* Sources */ = {
			isa = PBXSourcesBuildPhase;
			buildActionMask = 2147483647;
			files = (
				F9BACED121FD60230082E796 /* RestaurantDataManager.swift in Sources */,
				F97D07DB21FD0A87008C9387 /* RestaurantAPIManager.swift in Sources */,
				F90B5D4C21FAA10C009C96DA /* RestaurantViewController.swift in Sources */,
				F9832C2A21FCC247005894B0 /* DataManager.swift in Sources */,
				F97D07DD21FD0C49008C9387 /* LocationItem.swift in Sources */,
				F9832C2621FCBECD005894B0 /* MapDataManager.swift in Sources */,
				F97D07DF21FD40DF008C9387 /* ExploreHeaderView.swift in Sources */,
				F90B5D3621FA9A39009C96DA /* AppDelegate.swift in Sources */,
				F91EFF7021FBD0A300AC6E7A /* ExploreItem.swift in Sources */,
				F9832C3121FCD9E2005894B0 /* Segue.swift in Sources */,
				F9BACED521FD63470082E796 /* NoDataView.swift in Sources */,
				F9D5581F21FBF07500EFFA34 /* RestaurantListViewController.swift in Sources */,
				F9832C3621FCDB35005894B0 /* RestaurantDetailViewController.swift in Sources */,
				F97D07BC21FD083E008C9387 /* RestaurantCell.swift in Sources */,
				F9832C2D21FCCC5C005894B0 /* MapViewController.swift in Sources */,
				F91EFF7221FBDCD800AC6E7A /* ExploreDataManager.swift in Sources */,
				F91EFF6B21FBB7E200AC6E7A /* ExploreViewController.swift in Sources */,
				F91EFF7621FBE0D800AC6E7A /* ExploreCell.swift in Sources */,
				F9832C2421FCBC2B005894B0 /* RestaurantItem.swift in Sources */,
				F9832C2021FCB751005894B0 /* LocationDataManager.swift in Sources */,
				F9832C1C21FCB050005894B0 /* LocationViewController.swift in Sources */,
			);
			runOnlyForDeploymentPostprocessing = 0;
		};
/* End PBXSourcesBuildPhase section */

/* Begin PBXVariantGroup section */
		F90B5D3921FA9A39009C96DA /* Main.storyboard */ = {
			isa = PBXVariantGroup;
			children = (
				F90B5D3A21FA9A39009C96DA /* Base */,
			);
			name = Main.storyboard;
			sourceTree = "<group>";
		};
		F90B5D3E21FA9A39009C96DA /* LaunchScreen.storyboard */ = {
			isa = PBXVariantGroup;
			children = (
				F90B5D3F21FA9A39009C96DA /* Base */,
			);
			name = LaunchScreen.storyboard;
			sourceTree = "<group>";
		};
/* End PBXVariantGroup section */

/* Begin XCBuildConfiguration section */
		F90B5D4221FA9A39009C96DA /* Debug */ = {
			isa = XCBuildConfiguration;
			buildSettings = {
				ALWAYS_SEARCH_USER_PATHS = NO;
				CLANG_ANALYZER_NONNULL = YES;
				CLANG_ANALYZER_NUMBER_OBJECT_CONVERSION = YES_AGGRESSIVE;
				CLANG_CXX_LANGUAGE_STANDARD = "gnu++14";
				CLANG_CXX_LIBRARY = "libc++";
				CLANG_ENABLE_MODULES = YES;
				CLANG_ENABLE_OBJC_ARC = YES;
				CLANG_ENABLE_OBJC_WEAK = YES;
				CLANG_WARN_BLOCK_CAPTURE_AUTORELEASING = YES;
				CLANG_WARN_BOOL_CONVERSION = YES;
				CLANG_WARN_COMMA = YES;
				CLANG_WARN_CONSTANT_CONVERSION = YES;
				CLANG_WARN_DEPRECATED_OBJC_IMPLEMENTATIONS = YES;
				CLANG_WARN_DIRECT_OBJC_ISA_USAGE = YES_ERROR;
				CLANG_WARN_DOCUMENTATION_COMMENTS = YES;
				CLANG_WARN_EMPTY_BODY = YES;
				CLANG_WARN_ENUM_CONVERSION = YES;
				CLANG_WARN_INFINITE_RECURSION = YES;
				CLANG_WARN_INT_CONVERSION = YES;
				CLANG_WARN_NON_LITERAL_NULL_CONVERSION = YES;
				CLANG_WARN_OBJC_IMPLICIT_RETAIN_SELF = YES;
				CLANG_WARN_OBJC_LITERAL_CONVERSION = YES;
				CLANG_WARN_OBJC_ROOT_CLASS = YES_ERROR;
				CLANG_WARN_RANGE_LOOP_ANALYSIS = YES;
				CLANG_WARN_STRICT_PROTOTYPES = YES;
				CLANG_WARN_SUSPICIOUS_MOVE = YES;
				CLANG_WARN_UNGUARDED_AVAILABILITY = YES_AGGRESSIVE;
				CLANG_WARN_UNREACHABLE_CODE = YES;
				CLANG_WARN__DUPLICATE_METHOD_MATCH = YES;
				CODE_SIGN_IDENTITY = "iPhone Developer";
				COPY_PHASE_STRIP = NO;
				DEBUG_INFORMATION_FORMAT = dwarf;
				ENABLE_STRICT_OBJC_MSGSEND = YES;
				ENABLE_TESTABILITY = YES;
				GCC_C_LANGUAGE_STANDARD = gnu11;
				GCC_DYNAMIC_NO_PIC = NO;
				GCC_NO_COMMON_BLOCKS = YES;
				GCC_OPTIMIZATION_LEVEL = 0;
				GCC_PREPROCESSOR_DEFINITIONS = (
					"DEBUG=1",
					"$(inherited)",
				);
				GCC_WARN_64_TO_32_BIT_CONVERSION = YES;
				GCC_WARN_ABOUT_RETURN_TYPE = YES_ERROR;
				GCC_WARN_UNDECLARED_SELECTOR = YES;
				GCC_WARN_UNINITIALIZED_AUTOS = YES_AGGRESSIVE;
				GCC_WARN_UNUSED_FUNCTION = YES;
				GCC_WARN_UNUSED_VARIABLE = YES;
				IPHONEOS_DEPLOYMENT_TARGET = 12.1;
				MTL_ENABLE_DEBUG_INFO = INCLUDE_SOURCE;
				MTL_FAST_MATH = YES;
				ONLY_ACTIVE_ARCH = YES;
				SDKROOT = iphoneos;
				SWIFT_ACTIVE_COMPILATION_CONDITIONS = DEBUG;
				SWIFT_OPTIMIZATION_LEVEL = "-Onone";
			};
			name = Debug;
		};
		F90B5D4321FA9A39009C96DA /* Release */ = {
			isa = XCBuildConfiguration;
			buildSettings = {
				ALWAYS_SEARCH_USER_PATHS = NO;
				CLANG_ANALYZER_NONNULL = YES;
				CLANG_ANALYZER_NUMBER_OBJECT_CONVERSION = YES_AGGRESSIVE;
				CLANG_CXX_LANGUAGE_STANDARD = "gnu++14";
				CLANG_CXX_LIBRARY = "libc++";
				CLANG_ENABLE_MODULES = YES;
				CLANG_ENABLE_OBJC_ARC = YES;
				CLANG_ENABLE_OBJC_WEAK = YES;
				CLANG_WARN_BLOCK_CAPTURE_AUTORELEASING = YES;
				CLANG_WARN_BOOL_CONVERSION = YES;
				CLANG_WARN_COMMA = YES;
				CLANG_WARN_CONSTANT_CONVERSION = YES;
				CLANG_WARN_DEPRECATED_OBJC_IMPLEMENTATIONS = YES;
				CLANG_WARN_DIRECT_OBJC_ISA_USAGE = YES_ERROR;
				CLANG_WARN_DOCUMENTATION_COMMENTS = YES;
				CLANG_WARN_EMPTY_BODY = YES;
				CLANG_WARN_ENUM_CONVERSION = YES;
				CLANG_WARN_INFINITE_RECURSION = YES;
				CLANG_WARN_INT_CONVERSION = YES;
				CLANG_WARN_NON_LITERAL_NULL_CONVERSION = YES;
				CLANG_WARN_OBJC_IMPLICIT_RETAIN_SELF = YES;
				CLANG_WARN_OBJC_LITERAL_CONVERSION = YES;
				CLANG_WARN_OBJC_ROOT_CLASS = YES_ERROR;
				CLANG_WARN_RANGE_LOOP_ANALYSIS = YES;
				CLANG_WARN_STRICT_PROTOTYPES = YES;
				CLANG_WARN_SUSPICIOUS_MOVE = YES;
				CLANG_WARN_UNGUARDED_AVAILABILITY = YES_AGGRESSIVE;
				CLANG_WARN_UNREACHABLE_CODE = YES;
				CLANG_WARN__DUPLICATE_METHOD_MATCH = YES;
				CODE_SIGN_IDENTITY = "iPhone Developer";
				COPY_PHASE_STRIP = NO;
				DEBUG_INFORMATION_FORMAT = "dwarf-with-dsym";
				ENABLE_NS_ASSERTIONS = NO;
				ENABLE_STRICT_OBJC_MSGSEND = YES;
				GCC_C_LANGUAGE_STANDARD = gnu11;
				GCC_NO_COMMON_BLOCKS = YES;
				GCC_WARN_64_TO_32_BIT_CONVERSION = YES;
				GCC_WARN_ABOUT_RETURN_TYPE = YES_ERROR;
				GCC_WARN_UNDECLARED_SELECTOR = YES;
				GCC_WARN_UNINITIALIZED_AUTOS = YES_AGGRESSIVE;
				GCC_WARN_UNUSED_FUNCTION = YES;
				GCC_WARN_UNUSED_VARIABLE = YES;
				IPHONEOS_DEPLOYMENT_TARGET = 12.1;
				MTL_ENABLE_DEBUG_INFO = NO;
				MTL_FAST_MATH = YES;
				SDKROOT = iphoneos;
				SWIFT_COMPILATION_MODE = wholemodule;
				SWIFT_OPTIMIZATION_LEVEL = "-O";
				VALIDATE_PRODUCT = YES;
			};
			name = Release;
		};
		F90B5D4521FA9A39009C96DA /* Debug */ = {
			isa = XCBuildConfiguration;
			buildSettings = {
				ASSETCATALOG_COMPILER_APPICON_NAME = AppIcon;
				CODE_SIGN_STYLE = Automatic;
				DEVELOPMENT_TEAM = 9M8KHT9ZS5;
				INFOPLIST_FILE = GetPhat/Info.plist;
				LD_RUNPATH_SEARCH_PATHS = (
					"$(inherited)",
					"@executable_path/Frameworks",
				);
				PRODUCT_BUNDLE_IDENTIFIER = com.davidnguyen.GetPhat;
				PRODUCT_NAME = "$(TARGET_NAME)";
				SWIFT_VERSION = 4.2;
				TARGETED_DEVICE_FAMILY = "1,2";
			};
			name = Debug;
		};
		F90B5D4621FA9A39009C96DA /* Release */ = {
			isa = XCBuildConfiguration;
			buildSettings = {
				ASSETCATALOG_COMPILER_APPICON_NAME = AppIcon;
				CODE_SIGN_STYLE = Automatic;
				DEVELOPMENT_TEAM = 9M8KHT9ZS5;
				INFOPLIST_FILE = GetPhat/Info.plist;
				LD_RUNPATH_SEARCH_PATHS = (
					"$(inherited)",
					"@executable_path/Frameworks",
				);
				PRODUCT_BUNDLE_IDENTIFIER = com.davidnguyen.GetPhat;
				PRODUCT_NAME = "$(TARGET_NAME)";
				SWIFT_VERSION = 4.2;
				TARGETED_DEVICE_FAMILY = "1,2";
			};
			name = Release;
		};
/* End XCBuildConfiguration section */

/* Begin XCConfigurationList section */
		F90B5D2D21FA9A39009C96DA /* Build configuration list for PBXProject "GetPhat" */ = {
			isa = XCConfigurationList;
			buildConfigurations = (
				F90B5D4221FA9A39009C96DA /* Debug */,
				F90B5D4321FA9A39009C96DA /* Release */,
			);
			defaultConfigurationIsVisible = 0;
			defaultConfigurationName = Release;
		};
		F90B5D4421FA9A39009C96DA /* Build configuration list for PBXNativeTarget "GetPhat" */ = {
			isa = XCConfigurationList;
			buildConfigurations = (
				F90B5D4521FA9A39009C96DA /* Debug */,
				F90B5D4621FA9A39009C96DA /* Release */,
			);
			defaultConfigurationIsVisible = 0;
			defaultConfigurationName = Release;
		};
/* End XCConfigurationList section */
	};
	rootObject = F90B5D2A21FA9A39009C96DA /* Project object */;
}
